
Microsoft Visual Studio Solution File, Format Version 12.00
# Visual Studio Version 17
VisualStudioVersion = 17.10.35013.160
MinimumVisualStudioVersion = 10.0.40219.1
Project("{2150E333-8FDC-42A3-9474-1A3956D46DE8}") = "Solution Items", "Solution Items", "{D2127F4E-548B-4E65-A396-04D66B2074B6}"
	ProjectSection(SolutionItems) = preProject
		..\.github\workflows\dotnet.yml = ..\.github\workflows\dotnet.yml
		..\README.md = ..\README.md
	EndProjectSection
EndProject
Project("{2150E333-8FDC-42A3-9474-1A3956D46DE8}") = "src", "src", "{DFBBA21F-A51B-42D9-A7AC-A5723D2B3CF6}"
EndProject
Project("{2150E333-8FDC-42A3-9474-1A3956D46DE8}") = "card-manager-common", "card-manager-common", "{7CEF9039-AEB7-4EC9-921C-35A45E21E3B5}"
EndProject
Project("{2150E333-8FDC-42A3-9474-1A3956D46DE8}") = "card-manager-microservice", "card-manager-microservice", "{D7E5B9A8-3F23-44A3-85E2-B91653E4758A}"
EndProject
Project("{9A19103F-16F7-4668-BE54-9A1E7A4F7556}") = "BuildingBlocks", "BuildingBlocks\BuildingBlocks.csproj", "{9B899856-1D36-41D2-8C1F-64D8A971D911}"
EndProject
Project("{9A19103F-16F7-4668-BE54-9A1E7A4F7556}") = "Card.API", "Card.API\Card.API.csproj", "{A3AAE2BD-4AE1-49D4-843E-9F2B55AE59C8}"
EndProject
Project("{9A19103F-16F7-4668-BE54-9A1E7A4F7556}") = "Card.Application", "Card.Application\Card.Application.csproj", "{035B575C-949E-4BE1-B918-35CB126146AC}"
EndProject
Project("{9A19103F-16F7-4668-BE54-9A1E7A4F7556}") = "Card.Domain", "Card.Domain\Card.Domain.csproj", "{B13B1712-ED8F-41F4-9A48-8C4ADCB9C19C}"
EndProject
Project("{9A19103F-16F7-4668-BE54-9A1E7A4F7556}") = "Card.Infrastructure", "Card.Infrastructure\Card.Infrastructure.csproj", "{6FA4542D-15D4-41B6-96C4-F5B21360EC91}"
EndProject
Global
	GlobalSection(SolutionConfigurationPlatforms) = preSolution
		Debug|Any CPU = Debug|Any CPU
		Release|Any CPU = Release|Any CPU
	EndGlobalSection
	GlobalSection(ProjectConfigurationPlatforms) = postSolution
		{9B899856-1D36-41D2-8C1F-64D8A971D911}.Debug|Any CPU.ActiveCfg = Debug|Any CPU
		{9B899856-1D36-41D2-8C1F-64D8A971D911}.Debug|Any CPU.Build.0 = Debug|Any CPU
		{9B899856-1D36-41D2-8C1F-64D8A971D911}.Release|Any CPU.ActiveCfg = Release|Any CPU
		{9B899856-1D36-41D2-8C1F-64D8A971D911}.Release|Any CPU.Build.0 = Release|Any CPU
		{A3AAE2BD-4AE1-49D4-843E-9F2B55AE59C8}.Debug|Any CPU.ActiveCfg = Debug|Any CPU
		{A3AAE2BD-4AE1-49D4-843E-9F2B55AE59C8}.Debug|Any CPU.Build.0 = Debug|Any CPU
		{A3AAE2BD-4AE1-49D4-843E-9F2B55AE59C8}.Release|Any CPU.ActiveCfg = Release|Any CPU
		{A3AAE2BD-4AE1-49D4-843E-9F2B55AE59C8}.Release|Any CPU.Build.0 = Release|Any CPU
		{035B575C-949E-4BE1-B918-35CB126146AC}.Debug|Any CPU.ActiveCfg = Debug|Any CPU
		{035B575C-949E-4BE1-B918-35CB126146AC}.Debug|Any CPU.Build.0 = Debug|Any CPU
		{035B575C-949E-4BE1-B918-35CB126146AC}.Release|Any CPU.ActiveCfg = Release|Any CPU
		{035B575C-949E-4BE1-B918-35CB126146AC}.Release|Any CPU.Build.0 = Release|Any CPU
		{B13B1712-ED8F-41F4-9A48-8C4ADCB9C19C}.Debug|Any CPU.ActiveCfg = Debug|Any CPU
		{B13B1712-ED8F-41F4-9A48-8C4ADCB9C19C}.Debug|Any CPU.Build.0 = Debug|Any CPU
		{B13B1712-ED8F-41F4-9A48-8C4ADCB9C19C}.Release|Any CPU.ActiveCfg = Release|Any CPU
		{B13B1712-ED8F-41F4-9A48-8C4ADCB9C19C}.Release|Any CPU.Build.0 = Release|Any CPU
		{6FA4542D-15D4-41B6-96C4-F5B21360EC91}.Debug|Any CPU.ActiveCfg = Debug|Any CPU
		{6FA4542D-15D4-41B6-96C4-F5B21360EC91}.Debug|Any CPU.Build.0 = Debug|Any CPU
		{6FA4542D-15D4-41B6-96C4-F5B21360EC91}.Release|Any CPU.ActiveCfg = Release|Any CPU
		{6FA4542D-15D4-41B6-96C4-F5B21360EC91}.Release|Any CPU.Build.0 = Release|Any CPU
	EndGlobalSection
	GlobalSection(SolutionProperties) = preSolution
		HideSolutionNode = FALSE
	EndGlobalSection
	GlobalSection(NestedProjects) = preSolution
		{7CEF9039-AEB7-4EC9-921C-35A45E21E3B5} = {DFBBA21F-A51B-42D9-A7AC-A5723D2B3CF6}
		{D7E5B9A8-3F23-44A3-85E2-B91653E4758A} = {DFBBA21F-A51B-42D9-A7AC-A5723D2B3CF6}
		{9B899856-1D36-41D2-8C1F-64D8A971D911} = {7CEF9039-AEB7-4EC9-921C-35A45E21E3B5}
		{A3AAE2BD-4AE1-49D4-843E-9F2B55AE59C8} = {D7E5B9A8-3F23-44A3-85E2-B91653E4758A}
		{035B575C-949E-4BE1-B918-35CB126146AC} = {D7E5B9A8-3F23-44A3-85E2-B91653E4758A}
		{B13B1712-ED8F-41F4-9A48-8C4ADCB9C19C} = {D7E5B9A8-3F23-44A3-85E2-B91653E4758A}
		{6FA4542D-15D4-41B6-96C4-F5B21360EC91} = {D7E5B9A8-3F23-44A3-85E2-B91653E4758A}
	EndGlobalSection
	GlobalSection(ExtensibilityGlobals) = postSolution
		SolutionGuid = {1115EFA4-9F22-476D-97F4-2F58BAD199E2}
	EndGlobalSection
EndGlobal
