
Microsoft Visual Studio Solution File, Format Version 12.00
# Visual Studio Version 17
VisualStudioVersion = 17.11.35312.102
MinimumVisualStudioVersion = 10.0.40219.1
Project("{9A19103F-16F7-4668-BE54-9A1E7A4F7556}") = "card-manager", "card-manager\card-manager.csproj", "{7C024486-9893-4D40-A8C8-22FBB258615B}"
EndProject
Project("{FAE04EC0-301F-11D3-BF4B-00C04F79EFBC}") = "card-manager.AppHost", "card-manager.AppHost\card-manager.AppHost.csproj", "{B94A52B3-F3A7-4794-A95E-ABAD036B425F}"
EndProject
Project("{9A19103F-16F7-4668-BE54-9A1E7A4F7556}") = "card-manager.ServiceDefaults", "card-manager.ServiceDefaults\card-manager.ServiceDefaults.csproj", "{5F670379-99CC-499A-BCA8-95BB4FEC49F0}"
EndProject
Global
	GlobalSection(SolutionConfigurationPlatforms) = preSolution
		Debug|Any CPU = Debug|Any CPU
		Release|Any CPU = Release|Any CPU
	EndGlobalSection
	GlobalSection(ProjectConfigurationPlatforms) = postSolution
		{7C024486-9893-4D40-A8C8-22FBB258615B}.Debug|Any CPU.ActiveCfg = Debug|Any CPU
		{7C024486-9893-4D40-A8C8-22FBB258615B}.Debug|Any CPU.Build.0 = Debug|Any CPU
		{7C024486-9893-4D40-A8C8-22FBB258615B}.Release|Any CPU.ActiveCfg = Release|Any CPU
		{7C024486-9893-4D40-A8C8-22FBB258615B}.Release|Any CPU.Build.0 = Release|Any CPU
		{B94A52B3-F3A7-4794-A95E-ABAD036B425F}.Debug|Any CPU.ActiveCfg = Debug|Any CPU
		{B94A52B3-F3A7-4794-A95E-ABAD036B425F}.Debug|Any CPU.Build.0 = Debug|Any CPU
		{B94A52B3-F3A7-4794-A95E-ABAD036B425F}.Release|Any CPU.ActiveCfg = Release|Any CPU
		{B94A52B3-F3A7-4794-A95E-ABAD036B425F}.Release|Any CPU.Build.0 = Release|Any CPU
		{5F670379-99CC-499A-BCA8-95BB4FEC49F0}.Debug|Any CPU.ActiveCfg = Debug|Any CPU
		{5F670379-99CC-499A-BCA8-95BB4FEC49F0}.Debug|Any CPU.Build.0 = Debug|Any CPU
		{5F670379-99CC-499A-BCA8-95BB4FEC49F0}.Release|Any CPU.ActiveCfg = Release|Any CPU
		{5F670379-99CC-499A-BCA8-95BB4FEC49F0}.Release|Any CPU.Build.0 = Release|Any CPU
	EndGlobalSection
	GlobalSection(SolutionProperties) = preSolution
		HideSolutionNode = FALSE
	EndGlobalSection
	GlobalSection(ExtensibilityGlobals) = postSolution
		SolutionGuid = {4C0EE90B-379B-4F88-A8D6-8C08C02D8C61}
	EndGlobalSection
EndGlobal
